
Microsoft Visual Studio Solution File, Format Version 12.00
# Visual Studio 15
VisualStudioVersion = 15.0.27808.1
MinimumVisualStudioVersion = 10.0.40219.1
Project("{8BC9CEB8-8B4A-11D0-8D11-00A0C91BC942}") = "HelloWorld", "HelloWorld\HelloWorld.vcxproj", "{49838241-9999-4545-AD92-23E01C645E34}"
EndProject
Global
	GlobalSection(SolutionConfigurationPlatforms) = preSolution
		Debug|x64 = Debug|x64
		Debug|x86 = Debug|x86
		Release|x64 = Release|x64
		Release|x86 = Release|x86
	EndGlobalSection
	GlobalSection(ProjectConfigurationPlatforms) = postSolution
		{49838241-9999-4545-AD92-23E01C645E34}.Debug|x64.ActiveCfg = Debug|x64
		{49838241-9999-4545-AD92-23E01C645E34}.Debug|x64.Build.0 = Debug|x64
		{49838241-9999-4545-AD92-23E01C645E34}.Debug|x86.ActiveCfg = Debug|Win32
		{49838241-9999-4545-AD92-23E01C645E34}.Debug|x86.Build.0 = Debug|Win32
		{49838241-9999-4545-AD92-23E01C645E34}.Release|x64.ActiveCfg = Release|x64
		{49838241-9999-4545-AD92-23E01C645E34}.Release|x64.Build.0 = Release|x64
		{49838241-9999-4545-AD92-23E01C645E34}.Release|x86.ActiveCfg = Release|Win32
		{49838241-9999-4545-AD92-23E01C645E34}.Release|x86.Build.0 = Release|Win32
	EndGlobalSection
	GlobalSection(SolutionProperties) = preSolution
		HideSolutionNode = FALSE
	EndGlobalSection
	GlobalSection(ExtensibilityGlobals) = postSolution
		SolutionGuid = {A822F5AB-2C98-43FD-A704-09864F210CD6}
	EndGlobalSection
EndGlobal
